// !$*UTF8*$!
{
	archiveVersion = 1;
	classes = {
	};
	objectVersion = 46;
	objects = {

/* Begin PBXBuildFile section */
		B506C1821B64517D00445B84 /* Division.cpp in Sources */ = {isa = PBXBuildFile; fileRef = B506C1801B64517D00445B84 /* Division.cpp */; };
		B53BE1E91B49EB0600263F6D /* main.cpp in Sources */ = {isa = PBXBuildFile; fileRef = B53BE1E81B49EB0600263F6D /* main.cpp */; };
		B56E12141B6F395400535BD1 /* Calculator.cpp in Sources */ = {isa = PBXBuildFile; fileRef = B56E12121B6F395400535BD1 /* Calculator.cpp */; };
		B5A4646A1B661323005E7100 /* Exponentiation.cpp in Sources */ = {isa = PBXBuildFile; fileRef = B5A464681B661323005E7100 /* Exponentiation.cpp */; };
		B5A69E581B5DFD35007F1E4E /* Addition.cpp in Sources */ = {isa = PBXBuildFile; fileRef = B5A69E561B5DFD35007F1E4E /* Addition.cpp */; };
		B5A69E5B1B60C564007F1E4E /* Multiplication.cpp in Sources */ = {isa = PBXBuildFile; fileRef = B5A69E591B60C564007F1E4E /* Multiplication.cpp */; };
		B5A69E5E1B620887007F1E4E /* Integer.cpp in Sources */ = {isa = PBXBuildFile; fileRef = B5A69E5C1B620887007F1E4E /* Integer.cpp */; };
/* End PBXBuildFile section */

/* Begin PBXCopyFilesBuildPhase section */
		B53BE1E31B49EB0600263F6D /* CopyFiles */ = {
			isa = PBXCopyFilesBuildPhase;
			buildActionMask = 2147483647;
			dstPath = /usr/share/man/man1/;
			dstSubfolderSpec = 0;
			files = (
			);
			runOnlyForDeploymentPostprocessing = 1;
		};
/* End PBXCopyFilesBuildPhase section */

/* Begin PBXFileReference section */
		B506C1801B64517D00445B84 /* Division.cpp */ = {isa = PBXFileReference; fileEncoding = 4; lastKnownFileType = sourcecode.cpp.cpp; path = Division.cpp; sourceTree = "<group>"; };
		B506C1811B64517D00445B84 /* Division.hpp */ = {isa = PBXFileReference; fileEncoding = 4; lastKnownFileType = sourcecode.cpp.h; path = Division.hpp; sourceTree = "<group>"; };
		B53BE1E51B49EB0600263F6D /* COP3503_Project */ = {isa = PBXFileReference; explicitFileType = "compiled.mach-o.executable"; includeInIndex = 0; path = COP3503_Project; sourceTree = BUILT_PRODUCTS_DIR; };
		B53BE1E81B49EB0600263F6D /* main.cpp */ = {isa = PBXFileReference; lastKnownFileType = sourcecode.cpp.cpp; path = main.cpp; sourceTree = "<group>"; };
		B56E12121B6F395400535BD1 /* Calculator.cpp */ = {isa = PBXFileReference; fileEncoding = 4; lastKnownFileType = sourcecode.cpp.cpp; path = Calculator.cpp; sourceTree = "<group>"; };
		B56E12131B6F395400535BD1 /* Calculator.hpp */ = {isa = PBXFileReference; fileEncoding = 4; lastKnownFileType = sourcecode.cpp.h; path = Calculator.hpp; sourceTree = "<group>"; };
		B5A464681B661323005E7100 /* Exponentiation.cpp */ = {isa = PBXFileReference; fileEncoding = 4; lastKnownFileType = sourcecode.cpp.cpp; path = Exponentiation.cpp; sourceTree = "<group>"; };
		B5A464691B661323005E7100 /* Exponentiation.hpp */ = {isa = PBXFileReference; fileEncoding = 4; lastKnownFileType = sourcecode.cpp.h; path = Exponentiation.hpp; sourceTree = "<group>"; };
		B5A69E541B5DF8C8007F1E4E /* Expression.hpp */ = {isa = PBXFileReference; fileEncoding = 4; lastKnownFileType = sourcecode.cpp.h; path = Expression.hpp; sourceTree = "<group>"; };
		B5A69E561B5DFD35007F1E4E /* Addition.cpp */ = {isa = PBXFileReference; fileEncoding = 4; lastKnownFileType = sourcecode.cpp.cpp; path = Addition.cpp; sourceTree = "<group>"; };
		B5A69E571B5DFD35007F1E4E /* Addition.hpp */ = {isa = PBXFileReference; fileEncoding = 4; lastKnownFileType = sourcecode.cpp.h; path = Addition.hpp; sourceTree = "<group>"; };
		B5A69E591B60C564007F1E4E /* Multiplication.cpp */ = {isa = PBXFileReference; fileEncoding = 4; lastKnownFileType = sourcecode.cpp.cpp; path = Multiplication.cpp; sourceTree = "<group>"; };
		B5A69E5A1B60C564007F1E4E /* Multiplication.hpp */ = {isa = PBXFileReference; fileEncoding = 4; lastKnownFileType = sourcecode.cpp.h; path = Multiplication.hpp; sourceTree = "<group>"; };
		B5A69E5C1B620887007F1E4E /* Integer.cpp */ = {isa = PBXFileReference; fileEncoding = 4; lastKnownFileType = sourcecode.cpp.cpp; path = Integer.cpp; sourceTree = "<group>"; };
		B5A69E5D1B620887007F1E4E /* Integer.hpp */ = {isa = PBXFileReference; fileEncoding = 4; lastKnownFileType = sourcecode.cpp.h; path = Integer.hpp; sourceTree = "<group>"; };
		B5A69E611B62C476007F1E4E /* DataStructureTests.hpp */ = {isa = PBXFileReference; fileEncoding = 4; lastKnownFileType = sourcecode.cpp.h; name = DataStructureTests.hpp; path = tests/DataStructureTests.hpp; sourceTree = "<group>"; };
/* End PBXFileReference section */

/* Begin PBXFrameworksBuildPhase section */
		B53BE1E21B49EB0600263F6D /* Frameworks */ = {
			isa = PBXFrameworksBuildPhase;
			buildActionMask = 2147483647;
			files = (
			);
			runOnlyForDeploymentPostprocessing = 0;
		};
/* End PBXFrameworksBuildPhase section */

/* Begin PBXGroup section */
		B53BE1DC1B49EB0600263F6D = {
			isa = PBXGroup;
			children = (
				B53BE1E71B49EB0600263F6D /* COP3503_Project */,
				B53BE1E61B49EB0600263F6D /* Products */,
			);
			sourceTree = "<group>";
		};
		B53BE1E61B49EB0600263F6D /* Products */ = {
			isa = PBXGroup;
			children = (
				B53BE1E51B49EB0600263F6D /* COP3503_Project */,
			);
			name = Products;
			sourceTree = "<group>";
		};
		B53BE1E71B49EB0600263F6D /* COP3503_Project */ = {
			isa = PBXGroup;
			children = (
				B53BE1E81B49EB0600263F6D /* main.cpp */,
				B56E12121B6F395400535BD1 /* Calculator.cpp */,
				B5A464681B661323005E7100 /* Exponentiation.cpp */,
				B506C1801B64517D00445B84 /* Division.cpp */,
				B5A69E5C1B620887007F1E4E /* Integer.cpp */,
				B5A69E591B60C564007F1E4E /* Multiplication.cpp */,
				B5A69E561B5DFD35007F1E4E /* Addition.cpp */,
				B56E12131B6F395400535BD1 /* Calculator.hpp */,
				B5A464691B661323005E7100 /* Exponentiation.hpp */,
				B506C1811B64517D00445B84 /* Division.hpp */,
				B5A69E5D1B620887007F1E4E /* Integer.hpp */,
				B5A69E5A1B60C564007F1E4E /* Multiplication.hpp */,
				B5A69E571B5DFD35007F1E4E /* Addition.hpp */,
				B5A69E541B5DF8C8007F1E4E /* Expression.hpp */,
				B5A69E5F1B62C42A007F1E4E /* tests */,
			);
			path = COP3503_Project;
			sourceTree = "<group>";
		};
		B5A69E5F1B62C42A007F1E4E /* tests */ = {
			isa = PBXGroup;
			children = (
				B5A69E611B62C476007F1E4E /* DataStructureTests.hpp */,
			);
			name = tests;
			sourceTree = "<group>";
		};
/* End PBXGroup section */

/* Begin PBXNativeTarget section */
		B53BE1E41B49EB0600263F6D /* COP3503_Project */ = {
			isa = PBXNativeTarget;
			buildConfigurationList = B53BE1EC1B49EB0600263F6D /* Build configuration list for PBXNativeTarget "COP3503_Project" */;
			buildPhases = (
				B53BE1E11B49EB0600263F6D /* Sources */,
				B53BE1E21B49EB0600263F6D /* Frameworks */,
				B53BE1E31B49EB0600263F6D /* CopyFiles */,
			);
			buildRules = (
			);
			dependencies = (
			);
			name = COP3503_Project;
			productName = COP3503_Project;
			productReference = B53BE1E51B49EB0600263F6D /* COP3503_Project */;
			productType = "com.apple.product-type.tool";
		};
/* End PBXNativeTarget section */

/* Begin PBXProject section */
		B53BE1DD1B49EB0600263F6D /* Project object */ = {
			isa = PBXProject;
			attributes = {
				LastUpgradeCheck = 0630;
				ORGANIZATIONNAME = Ben;
				TargetAttributes = {
					B53BE1E41B49EB0600263F6D = {
						CreatedOnToolsVersion = 6.3.2;
					};
				};
			};
			buildConfigurationList = B53BE1E01B49EB0600263F6D /* Build configuration list for PBXProject "COP3503_Project" */;
			compatibilityVersion = "Xcode 3.2";
			developmentRegion = English;
			hasScannedForEncodings = 0;
			knownRegions = (
				en,
			);
			mainGroup = B53BE1DC1B49EB0600263F6D;
			productRefGroup = B53BE1E61B49EB0600263F6D /* Products */;
			projectDirPath = "";
			projectRoot = "";
			targets = (
				B53BE1E41B49EB0600263F6D /* COP3503_Project */,
			);
		};
/* End PBXProject section */

/* Begin PBXSourcesBuildPhase section */
		B53BE1E11B49EB0600263F6D /* Sources */ = {
			isa = PBXSourcesBuildPhase;
			buildActionMask = 2147483647;
			files = (
				B5A69E5B1B60C564007F1E4E /* Multiplication.cpp in Sources */,
				B56E12141B6F395400535BD1 /* Calculator.cpp in Sources */,
				B53BE1E91B49EB0600263F6D /* main.cpp in Sources */,
				B5A69E581B5DFD35007F1E4E /* Addition.cpp in Sources */,
				B5A69E5E1B620887007F1E4E /* Integer.cpp in Sources */,
				B506C1821B64517D00445B84 /* Division.cpp in Sources */,
				B5A4646A1B661323005E7100 /* Exponentiation.cpp in Sources */,
			);
			runOnlyForDeploymentPostprocessing = 0;
		};
/* End PBXSourcesBuildPhase section */

/* Begin XCBuildConfiguration section */
		B53BE1EA1B49EB0600263F6D /* Debug */ = {
			isa = XCBuildConfiguration;
			buildSettings = {
				ALWAYS_SEARCH_USER_PATHS = NO;
				CLANG_CXX_LANGUAGE_STANDARD = "gnu++0x";
				CLANG_CXX_LIBRARY = "libc++";
				CLANG_ENABLE_MODULES = YES;
				CLANG_ENABLE_OBJC_ARC = YES;
				CLANG_WARN_BOOL_CONVERSION = YES;
				CLANG_WARN_CONSTANT_CONVERSION = YES;
				CLANG_WARN_DIRECT_OBJC_ISA_USAGE = YES_ERROR;
				CLANG_WARN_EMPTY_BODY = YES;
				CLANG_WARN_ENUM_CONVERSION = YES;
				CLANG_WARN_INT_CONVERSION = YES;
				CLANG_WARN_OBJC_ROOT_CLASS = YES_ERROR;
				CLANG_WARN_UNREACHABLE_CODE = YES;
				CLANG_WARN__DUPLICATE_METHOD_MATCH = YES;
				COPY_PHASE_STRIP = NO;
				DEBUG_INFORMATION_FORMAT = dwarf;
				ENABLE_STRICT_OBJC_MSGSEND = YES;
				GCC_C_LANGUAGE_STANDARD = gnu99;
				GCC_DYNAMIC_NO_PIC = NO;
				GCC_NO_COMMON_BLOCKS = YES;
				GCC_OPTIMIZATION_LEVEL = 0;
				GCC_PREPROCESSOR_DEFINITIONS = (
					"DEBUG=1",
					"$(inherited)",
				);
				GCC_SYMBOLS_PRIVATE_EXTERN = NO;
				GCC_WARN_64_TO_32_BIT_CONVERSION = YES;
				GCC_WARN_ABOUT_RETURN_TYPE = YES_ERROR;
				GCC_WARN_UNDECLARED_SELECTOR = YES;
				GCC_WARN_UNINITIALIZED_AUTOS = YES_AGGRESSIVE;
				GCC_WARN_UNUSED_FUNCTION = YES;
				GCC_WARN_UNUSED_VARIABLE = YES;
				MACOSX_DEPLOYMENT_TARGET = 10.10;
				MTL_ENABLE_DEBUG_INFO = YES;
				ONLY_ACTIVE_ARCH = YES;
				SDKROOT = macosx;
			};
			name = Debug;
		};
		B53BE1EB1B49EB0600263F6D /* Release */ = {
			isa = XCBuildConfiguration;
			buildSettings = {
				ALWAYS_SEARCH_USER_PATHS = NO;
				CLANG_CXX_LANGUAGE_STANDARD = "gnu++0x";
				CLANG_CXX_LIBRARY = "libc++";
				CLANG_ENABLE_MODULES = YES;
				CLANG_ENABLE_OBJC_ARC = YES;
				CLANG_WARN_BOOL_CONVERSION = YES;
				CLANG_WARN_CONSTANT_CONVERSION = YES;
				CLANG_WARN_DIRECT_OBJC_ISA_USAGE = YES_ERROR;
				CLANG_WARN_EMPTY_BODY = YES;
				CLANG_WARN_ENUM_CONVERSION = YES;
				CLANG_WARN_INT_CONVERSION = YES;
				CLANG_WARN_OBJC_ROOT_CLASS = YES_ERROR;
				CLANG_WARN_UNREACHABLE_CODE = YES;
				CLANG_WARN__DUPLICATE_METHOD_MATCH = YES;
				COPY_PHASE_STRIP = NO;
				DEBUG_INFORMATION_FORMAT = "dwarf-with-dsym";
				ENABLE_NS_ASSERTIONS = NO;
				ENABLE_STRICT_OBJC_MSGSEND = YES;
				GCC_C_LANGUAGE_STANDARD = gnu99;
				GCC_NO_COMMON_BLOCKS = YES;
				GCC_WARN_64_TO_32_BIT_CONVERSION = YES;
				GCC_WARN_ABOUT_RETURN_TYPE = YES_ERROR;
				GCC_WARN_UNDECLARED_SELECTOR = YES;
				GCC_WARN_UNINITIALIZED_AUTOS = YES_AGGRESSIVE;
				GCC_WARN_UNUSED_FUNCTION = YES;
				GCC_WARN_UNUSED_VARIABLE = YES;
				MACOSX_DEPLOYMENT_TARGET = 10.10;
				MTL_ENABLE_DEBUG_INFO = NO;
				SDKROOT = macosx;
			};
			name = Release;
		};
		B53BE1ED1B49EB0600263F6D /* Debug */ = {
			isa = XCBuildConfiguration;
			buildSettings = {
				PRODUCT_NAME = "$(TARGET_NAME)";
			};
			name = Debug;
		};
		B53BE1EE1B49EB0600263F6D /* Release */ = {
			isa = XCBuildConfiguration;
			buildSettings = {
				PRODUCT_NAME = "$(TARGET_NAME)";
			};
			name = Release;
		};
/* End XCBuildConfiguration section */

/* Begin XCConfigurationList section */
		B53BE1E01B49EB0600263F6D /* Build configuration list for PBXProject "COP3503_Project" */ = {
			isa = XCConfigurationList;
			buildConfigurations = (
				B53BE1EA1B49EB0600263F6D /* Debug */,
				B53BE1EB1B49EB0600263F6D /* Release */,
			);
			defaultConfigurationIsVisible = 0;
			defaultConfigurationName = Release;
		};
		B53BE1EC1B49EB0600263F6D /* Build configuration list for PBXNativeTarget "COP3503_Project" */ = {
			isa = XCConfigurationList;
			buildConfigurations = (
				B53BE1ED1B49EB0600263F6D /* Debug */,
				B53BE1EE1B49EB0600263F6D /* Release */,
			);
			defaultConfigurationIsVisible = 0;
			defaultConfigurationName = Release;
		};
/* End XCConfigurationList section */
	};
	rootObject = B53BE1DD1B49EB0600263F6D /* Project object */;
}
